// !$*UTF8*$!
{
	archiveVersion = 1;
	classes = {
	};
	objectVersion = 46;
	objects = {

/* Begin PBXBuildFile section */
		9162BE281C64A51500B5B005 /* AppDelegate.swift in Sources */ = {isa = PBXBuildFile; fileRef = 9162BE271C64A51500B5B005 /* AppDelegate.swift */; };
		9162BE2A1C64A51500B5B005 /* ViewController.swift in Sources */ = {isa = PBXBuildFile; fileRef = 9162BE291C64A51500B5B005 /* ViewController.swift */; };
		9162BE2D1C64A51500B5B005 /* Main.storyboard in Resources */ = {isa = PBXBuildFile; fileRef = 9162BE2B1C64A51500B5B005 /* Main.storyboard */; };
		9162BE301C64A51500B5B005 /* Recipes.xcdatamodeld in Sources */ = {isa = PBXBuildFile; fileRef = 9162BE2E1C64A51500B5B005 /* Recipes.xcdatamodeld */; };
		9162BE321C64A51500B5B005 /* Assets.xcassets in Resources */ = {isa = PBXBuildFile; fileRef = 9162BE311C64A51500B5B005 /* Assets.xcassets */; };
		9162BE351C64A51500B5B005 /* LaunchScreen.storyboard in Resources */ = {isa = PBXBuildFile; fileRef = 9162BE331C64A51500B5B005 /* LaunchScreen.storyboard */; };
		9162BE401C64A51500B5B005 /* RecipesTests.swift in Sources */ = {isa = PBXBuildFile; fileRef = 9162BE3F1C64A51500B5B005 /* RecipesTests.swift */; };
		9162BE4B1C64A51500B5B005 /* RecipesUITests.swift in Sources */ = {isa = PBXBuildFile; fileRef = 9162BE4A1C64A51500B5B005 /* RecipesUITests.swift */; };
		917659111C64C1350011CB30 /* Recipe+CoreDataProperties.swift in Sources */ = {isa = PBXBuildFile; fileRef = 9176590F1C64C1350011CB30 /* Recipe+CoreDataProperties.swift */; };
		917659121C64C1350011CB30 /* Recipe.swift in Sources */ = {isa = PBXBuildFile; fileRef = 917659101C64C1350011CB30 /* Recipe.swift */; };
		917659141C64C3B40011CB30 /* RecipeCell.swift in Sources */ = {isa = PBXBuildFile; fileRef = 917659131C64C3B40011CB30 /* RecipeCell.swift */; };
		917659161C64D4390011CB30 /* CreateRecipeVC.swift in Sources */ = {isa = PBXBuildFile; fileRef = 917659151C64D4390011CB30 /* CreateRecipeVC.swift */; };
/* End PBXBuildFile section */

/* Begin PBXContainerItemProxy section */
		9162BE3C1C64A51500B5B005 /* PBXContainerItemProxy */ = {
			isa = PBXContainerItemProxy;
			containerPortal = 9162BE1C1C64A51500B5B005 /* Project object */;
			proxyType = 1;
			remoteGlobalIDString = 9162BE231C64A51500B5B005;
			remoteInfo = Recipes;
		};
		9162BE471C64A51500B5B005 /* PBXContainerItemProxy */ = {
			isa = PBXContainerItemProxy;
			containerPortal = 9162BE1C1C64A51500B5B005 /* Project object */;
			proxyType = 1;
			remoteGlobalIDString = 9162BE231C64A51500B5B005;
			remoteInfo = Recipes;
		};
/* End PBXContainerItemProxy section */

/* Begin PBXFileReference section */
		9162BE241C64A51500B5B005 /* Recipes.app */ = {isa = PBXFileReference; explicitFileType = wrapper.application; includeInIndex = 0; path = Recipes.app; sourceTree = BUILT_PRODUCTS_DIR; };
		9162BE271C64A51500B5B005 /* AppDelegate.swift */ = {isa = PBXFileReference; lastKnownFileType = sourcecode.swift; path = AppDelegate.swift; sourceTree = "<group>"; };
		9162BE291C64A51500B5B005 /* ViewController.swift */ = {isa = PBXFileReference; lastKnownFileType = sourcecode.swift; path = ViewController.swift; sourceTree = "<group>"; };
		9162BE2C1C64A51500B5B005 /* Base */ = {isa = PBXFileReference; lastKnownFileType = file.storyboard; name = Base; path = Base.lproj/Main.storyboard; sourceTree = "<group>"; };
		9162BE2F1C64A51500B5B005 /* Recipes.xcdatamodel */ = {isa = PBXFileReference; lastKnownFileType = wrapper.xcdatamodel; path = Recipes.xcdatamodel; sourceTree = "<group>"; };
		9162BE311C64A51500B5B005 /* Assets.xcassets */ = {isa = PBXFileReference; lastKnownFileType = folder.assetcatalog; path = Assets.xcassets; sourceTree = "<group>"; };
		9162BE341C64A51500B5B005 /* Base */ = {isa = PBXFileReference; lastKnownFileType = file.storyboard; name = Base; path = Base.lproj/LaunchScreen.storyboard; sourceTree = "<group>"; };
		9162BE361C64A51500B5B005 /* Info.plist */ = {isa = PBXFileReference; lastKnownFileType = text.plist.xml; path = Info.plist; sourceTree = "<group>"; };
		9162BE3B1C64A51500B5B005 /* RecipesTests.xctest */ = {isa = PBXFileReference; explicitFileType = wrapper.cfbundle; includeInIndex = 0; path = RecipesTests.xctest; sourceTree = BUILT_PRODUCTS_DIR; };
		9162BE3F1C64A51500B5B005 /* RecipesTests.swift */ = {isa = PBXFileReference; lastKnownFileType = sourcecode.swift; path = RecipesTests.swift; sourceTree = "<group>"; };
		9162BE411C64A51500B5B005 /* Info.plist */ = {isa = PBXFileReference; lastKnownFileType = text.plist.xml; path = Info.plist; sourceTree = "<group>"; };
		9162BE461C64A51500B5B005 /* RecipesUITests.xctest */ = {isa = PBXFileReference; explicitFileType = wrapper.cfbundle; includeInIndex = 0; path = RecipesUITests.xctest; sourceTree = BUILT_PRODUCTS_DIR; };
		9162BE4A1C64A51500B5B005 /* RecipesUITests.swift */ = {isa = PBXFileReference; lastKnownFileType = sourcecode.swift; path = RecipesUITests.swift; sourceTree = "<group>"; };
		9162BE4C1C64A51500B5B005 /* Info.plist */ = {isa = PBXFileReference; lastKnownFileType = text.plist.xml; path = Info.plist; sourceTree = "<group>"; };
		9176590F1C64C1350011CB30 /* Recipe+CoreDataProperties.swift */ = {isa = PBXFileReference; fileEncoding = 4; lastKnownFileType = sourcecode.swift; name = "Recipe+CoreDataProperties.swift"; path = "../Recipe+CoreDataProperties.swift"; sourceTree = "<group>"; };
		917659101C64C1350011CB30 /* Recipe.swift */ = {isa = PBXFileReference; fileEncoding = 4; lastKnownFileType = sourcecode.swift; name = Recipe.swift; path = ../Recipe.swift; sourceTree = "<group>"; };
		917659131C64C3B40011CB30 /* RecipeCell.swift */ = {isa = PBXFileReference; fileEncoding = 4; lastKnownFileType = sourcecode.swift; path = RecipeCell.swift; sourceTree = "<group>"; };
		917659151C64D4390011CB30 /* CreateRecipeVC.swift */ = {isa = PBXFileReference; fileEncoding = 4; lastKnownFileType = sourcecode.swift; path = CreateRecipeVC.swift; sourceTree = "<group>"; };
/* End PBXFileReference section */

/* Begin PBXFrameworksBuildPhase section */
		9162BE211C64A51500B5B005 /* Frameworks */ = {
			isa = PBXFrameworksBuildPhase;
			buildActionMask = 2147483647;
			files = (
			);
			runOnlyForDeploymentPostprocessing = 0;
		};
		9162BE381C64A51500B5B005 /* Frameworks */ = {
			isa = PBXFrameworksBuildPhase;
			buildActionMask = 2147483647;
			files = (
			);
			runOnlyForDeploymentPostprocessing = 0;
		};
		9162BE431C64A51500B5B005 /* Frameworks */ = {
			isa = PBXFrameworksBuildPhase;
			buildActionMask = 2147483647;
			files = (
			);
			runOnlyForDeploymentPostprocessing = 0;
		};
/* End PBXFrameworksBuildPhase section */

/* Begin PBXGroup section */
		9162BE1B1C64A51500B5B005 = {
			isa = PBXGroup;
			children = (
				9162BE261C64A51500B5B005 /* Recipes */,
				9162BE3E1C64A51500B5B005 /* RecipesTests */,
				9162BE491C64A51500B5B005 /* RecipesUITests */,
				9162BE251C64A51500B5B005 /* Products */,
			);
			sourceTree = "<group>";
		};
		9162BE251C64A51500B5B005 /* Products */ = {
			isa = PBXGroup;
			children = (
				9162BE241C64A51500B5B005 /* Recipes.app */,
				9162BE3B1C64A51500B5B005 /* RecipesTests.xctest */,
				9162BE461C64A51500B5B005 /* RecipesUITests.xctest */,
			);
			name = Products;
			sourceTree = "<group>";
		};
		9162BE261C64A51500B5B005 /* Recipes */ = {
			isa = PBXGroup;
			children = (
				9176590E1C64C09B0011CB30 /* Controller */,
				9176590D1C64C0970011CB30 /* View */,
				9176590C1C64C0900011CB30 /* Model */,
				9162BE271C64A51500B5B005 /* AppDelegate.swift */,
				9162BE2B1C64A51500B5B005 /* Main.storyboard */,
				9162BE311C64A51500B5B005 /* Assets.xcassets */,
				9162BE331C64A51500B5B005 /* LaunchScreen.storyboard */,
				9162BE361C64A51500B5B005 /* Info.plist */,
				9162BE2E1C64A51500B5B005 /* Recipes.xcdatamodeld */,
			);
			path = Recipes;
			sourceTree = "<group>";
		};
		9162BE3E1C64A51500B5B005 /* RecipesTests */ = {
			isa = PBXGroup;
			children = (
				9162BE3F1C64A51500B5B005 /* RecipesTests.swift */,
				9162BE411C64A51500B5B005 /* Info.plist */,
			);
			path = RecipesTests;
			sourceTree = "<group>";
		};
		9162BE491C64A51500B5B005 /* RecipesUITests */ = {
			isa = PBXGroup;
			children = (
				9162BE4A1C64A51500B5B005 /* RecipesUITests.swift */,
				9162BE4C1C64A51500B5B005 /* Info.plist */,
			);
			path = RecipesUITests;
			sourceTree = "<group>";
		};
		9176590C1C64C0900011CB30 /* Model */ = {
			isa = PBXGroup;
			children = (
				9176590F1C64C1350011CB30 /* Recipe+CoreDataProperties.swift */,
				917659101C64C1350011CB30 /* Recipe.swift */,
			);
			name = Model;
			sourceTree = "<group>";
		};
		9176590D1C64C0970011CB30 /* View */ = {
			isa = PBXGroup;
			children = (
				917659131C64C3B40011CB30 /* RecipeCell.swift */,
			);
			name = View;
			sourceTree = "<group>";
		};
		9176590E1C64C09B0011CB30 /* Controller */ = {
			isa = PBXGroup;
			children = (
				9162BE291C64A51500B5B005 /* ViewController.swift */,
				917659151C64D4390011CB30 /* CreateRecipeVC.swift */,
			);
			name = Controller;
			sourceTree = "<group>";
		};
/* End PBXGroup section */

/* Begin PBXNativeTarget section */
		9162BE231C64A51500B5B005 /* Recipes */ = {
			isa = PBXNativeTarget;
			buildConfigurationList = 9162BE4F1C64A51500B5B005 /* Build configuration list for PBXNativeTarget "Recipes" */;
			buildPhases = (
				9162BE201C64A51500B5B005 /* Sources */,
				9162BE211C64A51500B5B005 /* Frameworks */,
				9162BE221C64A51500B5B005 /* Resources */,
			);
			buildRules = (
			);
			dependencies = (
			);
			name = Recipes;
			productName = Recipes;
			productReference = 9162BE241C64A51500B5B005 /* Recipes.app */;
			productType = "com.apple.product-type.application";
		};
		9162BE3A1C64A51500B5B005 /* RecipesTests */ = {
			isa = PBXNativeTarget;
			buildConfigurationList = 9162BE521C64A51500B5B005 /* Build configuration list for PBXNativeTarget "RecipesTests" */;
			buildPhases = (
				9162BE371C64A51500B5B005 /* Sources */,
				9162BE381C64A51500B5B005 /* Frameworks */,
				9162BE391C64A51500B5B005 /* Resources */,
			);
			buildRules = (
			);
			dependencies = (
				9162BE3D1C64A51500B5B005 /* PBXTargetDependency */,
			);
			name = RecipesTests;
			productName = RecipesTests;
			productReference = 9162BE3B1C64A51500B5B005 /* RecipesTests.xctest */;
			productType = "com.apple.product-type.bundle.unit-test";
		};
		9162BE451C64A51500B5B005 /* RecipesUITests */ = {
			isa = PBXNativeTarget;
			buildConfigurationList = 9162BE551C64A51500B5B005 /* Build configuration list for PBXNativeTarget "RecipesUITests" */;
			buildPhases = (
				9162BE421C64A51500B5B005 /* Sources */,
				9162BE431C64A51500B5B005 /* Frameworks */,
				9162BE441C64A51500B5B005 /* Resources */,
			);
			buildRules = (
			);
			dependencies = (
				9162BE481C64A51500B5B005 /* PBXTargetDependency */,
			);
			name = RecipesUITests;
			productName = RecipesUITests;
			productReference = 9162BE461C64A51500B5B005 /* RecipesUITests.xctest */;
			productType = "com.apple.product-type.bundle.ui-testing";
		};
/* End PBXNativeTarget section */

/* Begin PBXProject section */
		9162BE1C1C64A51500B5B005 /* Project object */ = {
			isa = PBXProject;
			attributes = {
				LastSwiftUpdateCheck = 0720;
				LastUpgradeCheck = 0720;
				ORGANIZATIONNAME = "Stanley Pan";
				TargetAttributes = {
					9162BE231C64A51500B5B005 = {
						CreatedOnToolsVersion = 7.2.1;
						DevelopmentTeam = P48JT8XFF3;
					};
					9162BE3A1C64A51500B5B005 = {
						CreatedOnToolsVersion = 7.2.1;
						DevelopmentTeam = P48JT8XFF3;
						TestTargetID = 9162BE231C64A51500B5B005;
					};
					9162BE451C64A51500B5B005 = {
						CreatedOnToolsVersion = 7.2.1;
						DevelopmentTeam = P48JT8XFF3;
						TestTargetID = 9162BE231C64A51500B5B005;
					};
				};
			};
			buildConfigurationList = 9162BE1F1C64A51500B5B005 /* Build configuration list for PBXProject "Recipes" */;
			compatibilityVersion = "Xcode 3.2";
			developmentRegion = English;
			hasScannedForEncodings = 0;
			knownRegions = (
				en,
				Base,
			);
			mainGroup = 9162BE1B1C64A51500B5B005;
			productRefGroup = 9162BE251C64A51500B5B005 /* Products */;
			projectDirPath = "";
			projectRoot = "";
			targets = (
				9162BE231C64A51500B5B005 /* Recipes */,
				9162BE3A1C64A51500B5B005 /* RecipesTests */,
				9162BE451C64A51500B5B005 /* RecipesUITests */,
			);
		};
/* End PBXProject section */

/* Begin PBXResourcesBuildPhase section */
		9162BE221C64A51500B5B005 /* Resources */ = {
			isa = PBXResourcesBuildPhase;
			buildActionMask = 2147483647;
			files = (
				9162BE351C64A51500B5B005 /* LaunchScreen.storyboard in Resources */,
				9162BE321C64A51500B5B005 /* Assets.xcassets in Resources */,
				9162BE2D1C64A51500B5B005 /* Main.storyboard in Resources */,
			);
			runOnlyForDeploymentPostprocessing = 0;
		};
		9162BE391C64A51500B5B005 /* Resources */ = {
			isa = PBXResourcesBuildPhase;
			buildActionMask = 2147483647;
			files = (
			);
			runOnlyForDeploymentPostprocessing = 0;
		};
		9162BE441C64A51500B5B005 /* Resources */ = {
			isa = PBXResourcesBuildPhase;
			buildActionMask = 2147483647;
			files = (
			);
			runOnlyForDeploymentPostprocessing = 0;
		};
/* End PBXResourcesBuildPhase section */

/* Begin PBXSourcesBuildPhase section */
		9162BE201C64A51500B5B005 /* Sources */ = {
			isa = PBXSourcesBuildPhase;
			buildActionMask = 2147483647;
			files = (
				9162BE2A1C64A51500B5B005 /* ViewController.swift in Sources */,
				917659111C64C1350011CB30 /* Recipe+CoreDataProperties.swift in Sources */,
				9162BE281C64A51500B5B005 /* AppDelegate.swift in Sources */,
				917659141C64C3B40011CB30 /* RecipeCell.swift in Sources */,
				917659161C64D4390011CB30 /* CreateRecipeVC.swift in Sources */,
				9162BE301C64A51500B5B005 /* Recipes.xcdatamodeld in Sources */,
				917659121C64C1350011CB30 /* Recipe.swift in Sources */,
			);
			runOnlyForDeploymentPostprocessing = 0;
		};
		9162BE371C64A51500B5B005 /* Sources */ = {
			isa = PBXSourcesBuildPhase;
			buildActionMask = 2147483647;
			files = (
				9162BE401C64A51500B5B005 /* RecipesTests.swift in Sources */,
			);
			runOnlyForDeploymentPostprocessing = 0;
		};
		9162BE421C64A51500B5B005 /* Sources */ = {
			isa = PBXSourcesBuildPhase;
			buildActionMask = 2147483647;
			files = (
				9162BE4B1C64A51500B5B005 /* RecipesUITests.swift in Sources */,
			);
			runOnlyForDeploymentPostprocessing = 0;
		};
/* End PBXSourcesBuildPhase section */

/* Begin PBXTargetDependency section */
		9162BE3D1C64A51500B5B005 /* PBXTargetDependency */ = {
			isa = PBXTargetDependency;
			target = 9162BE231C64A51500B5B005 /* Recipes */;
			targetProxy = 9162BE3C1C64A51500B5B005 /* PBXContainerItemProxy */;
		};
		9162BE481C64A51500B5B005 /* PBXTargetDependency */ = {
			isa = PBXTargetDependency;
			target = 9162BE231C64A51500B5B005 /* Recipes */;
			targetProxy = 9162BE471C64A51500B5B005 /* PBXContainerItemProxy */;
		};
/* End PBXTargetDependency section */

/* Begin PBXVariantGroup section */
		9162BE2B1C64A51500B5B005 /* Main.storyboard */ = {
			isa = PBXVariantGroup;
			children = (
				9162BE2C1C64A51500B5B005 /* Base */,
			);
			name = Main.storyboard;
			sourceTree = "<group>";
		};
		9162BE331C64A51500B5B005 /* LaunchScreen.storyboard */ = {
			isa = PBXVariantGroup;
			children = (
				9162BE341C64A51500B5B005 /* Base */,
			);
			name = LaunchScreen.storyboard;
			sourceTree = "<group>";
		};
/* End PBXVariantGroup section */

/* Begin XCBuildConfiguration section */
		9162BE4D1C64A51500B5B005 /* Debug */ = {
			isa = XCBuildConfiguration;
			buildSettings = {
				ALWAYS_SEARCH_USER_PATHS = NO;
				CLANG_CXX_LANGUAGE_STANDARD = "gnu++0x";
				CLANG_CXX_LIBRARY = "libc++";
				CLANG_ENABLE_MODULES = YES;
				CLANG_ENABLE_OBJC_ARC = YES;
				CLANG_WARN_BOOL_CONVERSION = YES;
				CLANG_WARN_CONSTANT_CONVERSION = YES;
				CLANG_WARN_DIRECT_OBJC_ISA_USAGE = YES_ERROR;
				CLANG_WARN_EMPTY_BODY = YES;
				CLANG_WARN_ENUM_CONVERSION = YES;
				CLANG_WARN_INT_CONVERSION = YES;
				CLANG_WARN_OBJC_ROOT_CLASS = YES_ERROR;
				CLANG_WARN_UNREACHABLE_CODE = YES;
				CLANG_WARN__DUPLICATE_METHOD_MATCH = YES;
				"CODE_SIGN_IDENTITY[sdk=iphoneos*]" = "iPhone Developer";
				COPY_PHASE_STRIP = NO;
				DEBUG_INFORMATION_FORMAT = dwarf;
				ENABLE_STRICT_OBJC_MSGSEND = YES;
				ENABLE_TESTABILITY = YES;
				GCC_C_LANGUAGE_STANDARD = gnu99;
				GCC_DYNAMIC_NO_PIC = NO;
				GCC_NO_COMMON_BLOCKS = YES;
				GCC_OPTIMIZATION_LEVEL = 0;
				GCC_PREPROCESSOR_DEFINITIONS = (
					"DEBUG=1",
					"$(inherited)",
				);
				GCC_WARN_64_TO_32_BIT_CONVERSION = YES;
				GCC_WARN_ABOUT_RETURN_TYPE = YES_ERROR;
				GCC_WARN_UNDECLARED_SELECTOR = YES;
				GCC_WARN_UNINITIALIZED_AUTOS = YES_AGGRESSIVE;
				GCC_WARN_UNUSED_FUNCTION = YES;
				GCC_WARN_UNUSED_VARIABLE = YES;
				IPHONEOS_DEPLOYMENT_TARGET = 9.2;
				MTL_ENABLE_DEBUG_INFO = YES;
				ONLY_ACTIVE_ARCH = YES;
				SDKROOT = iphoneos;
				SWIFT_OPTIMIZATION_LEVEL = "-Onone";
				TARGETED_DEVICE_FAMILY = "1,2";
			};
			name = Debug;
		};
		9162BE4E1C64A51500B5B005 /* Release */ = {
			isa = XCBuildConfiguration;
			buildSettings = {
				ALWAYS_SEARCH_USER_PATHS = NO;
				CLANG_CXX_LANGUAGE_STANDARD = "gnu++0x";
				CLANG_CXX_LIBRARY = "libc++";
				CLANG_ENABLE_MODULES = YES;
				CLANG_ENABLE_OBJC_ARC = YES;
				CLANG_WARN_BOOL_CONVERSION = YES;
				CLANG_WARN_CONSTANT_CONVERSION = YES;
				CLANG_WARN_DIRECT_OBJC_ISA_USAGE = YES_ERROR;
				CLANG_WARN_EMPTY_BODY = YES;
				CLANG_WARN_ENUM_CONVERSION = YES;
				CLANG_WARN_INT_CONVERSION = YES;
				CLANG_WARN_OBJC_ROOT_CLASS = YES_ERROR;
				CLANG_WARN_UNREACHABLE_CODE = YES;
				CLANG_WARN__DUPLICATE_METHOD_MATCH = YES;
				"CODE_SIGN_IDENTITY[sdk=iphoneos*]" = "iPhone Developer";
				COPY_PHASE_STRIP = NO;
				DEBUG_INFORMATION_FORMAT = "dwarf-with-dsym";
				ENABLE_NS_ASSERTIONS = NO;
				ENABLE_STRICT_OBJC_MSGSEND = YES;
				GCC_C_LANGUAGE_STANDARD = gnu99;
				GCC_NO_COMMON_BLOCKS = YES;
				GCC_WARN_64_TO_32_BIT_CONVERSION = YES;
				GCC_WARN_ABOUT_RETURN_TYPE = YES_ERROR;
				GCC_WARN_UNDECLARED_SELECTOR = YES;
				GCC_WARN_UNINITIALIZED_AUTOS = YES_AGGRESSIVE;
				GCC_WARN_UNUSED_FUNCTION = YES;
				GCC_WARN_UNUSED_VARIABLE = YES;
				IPHONEOS_DEPLOYMENT_TARGET = 9.2;
				MTL_ENABLE_DEBUG_INFO = NO;
				SDKROOT = iphoneos;
				TARGETED_DEVICE_FAMILY = "1,2";
				VALIDATE_PRODUCT = YES;
			};
			name = Release;
		};
		9162BE501C64A51500B5B005 /* Debug */ = {
			isa = XCBuildConfiguration;
			buildSettings = {
				ASSETCATALOG_COMPILER_APPICON_NAME = AppIcon;
				INFOPLIST_FILE = Recipes/Info.plist;
				LD_RUNPATH_SEARCH_PATHS = "$(inherited) @executable_path/Frameworks";
				PRODUCT_BUNDLE_IDENTIFIER = com.github.iMoment.Recipes;
				PRODUCT_NAME = "$(TARGET_NAME)";
			};
			name = Debug;
		};
		9162BE511C64A51500B5B005 /* Release */ = {
			isa = XCBuildConfiguration;
			buildSettings = {
				ASSETCATALOG_COMPILER_APPICON_NAME = AppIcon;
				INFOPLIST_FILE = Recipes/Info.plist;
				LD_RUNPATH_SEARCH_PATHS = "$(inherited) @executable_path/Frameworks";
				PRODUCT_BUNDLE_IDENTIFIER = com.github.iMoment.Recipes;
				PRODUCT_NAME = "$(TARGET_NAME)";
			};
			name = Release;
		};
		9162BE531C64A51500B5B005 /* Debug */ = {
			isa = XCBuildConfiguration;
			buildSettings = {
				BUNDLE_LOADER = "$(TEST_HOST)";
				INFOPLIST_FILE = RecipesTests/Info.plist;
				LD_RUNPATH_SEARCH_PATHS = "$(inherited) @executable_path/Frameworks @loader_path/Frameworks";
				PRODUCT_BUNDLE_IDENTIFIER = com.github.iMoment.RecipesTests;
				PRODUCT_NAME = "$(TARGET_NAME)";
				TEST_HOST = "$(BUILT_PRODUCTS_DIR)/Recipes.app/Recipes";
			};
			name = Debug;
		};
		9162BE541C64A51500B5B005 /* Release */ = {
			isa = XCBuildConfiguration;
			buildSettings = {
				BUNDLE_LOADER = "$(TEST_HOST)";
				INFOPLIST_FILE = RecipesTests/Info.plist;
				LD_RUNPATH_SEARCH_PATHS = "$(inherited) @executable_path/Frameworks @loader_path/Frameworks";
				PRODUCT_BUNDLE_IDENTIFIER = com.github.iMoment.RecipesTests;
				PRODUCT_NAME = "$(TARGET_NAME)";
				TEST_HOST = "$(BUILT_PRODUCTS_DIR)/Recipes.app/Recipes";
			};
			name = Release;
		};
		9162BE561C64A51500B5B005 /* Debug */ = {
			isa = XCBuildConfiguration;
			buildSettings = {
				INFOPLIST_FILE = RecipesUITests/Info.plist;
				LD_RUNPATH_SEARCH_PATHS = "$(inherited) @executable_path/Frameworks @loader_path/Frameworks";
				PRODUCT_BUNDLE_IDENTIFIER = com.github.iMoment.RecipesUITests;
				PRODUCT_NAME = "$(TARGET_NAME)";
				TEST_TARGET_NAME = Recipes;
				USES_XCTRUNNER = YES;
			};
			name = Debug;
		};
		9162BE571C64A51500B5B005 /* Release */ = {
			isa = XCBuildConfiguration;
			buildSettings = {
				INFOPLIST_FILE = RecipesUITests/Info.plist;
				LD_RUNPATH_SEARCH_PATHS = "$(inherited) @executable_path/Frameworks @loader_path/Frameworks";
				PRODUCT_BUNDLE_IDENTIFIER = com.github.iMoment.RecipesUITests;
				PRODUCT_NAME = "$(TARGET_NAME)";
				TEST_TARGET_NAME = Recipes;
				USES_XCTRUNNER = YES;
			};
			name = Release;
		};
/* End XCBuildConfiguration section */

/* Begin XCConfigurationList section */
		9162BE1F1C64A51500B5B005 /* Build configuration list for PBXProject "Recipes" */ = {
			isa = XCConfigurationList;
			buildConfigurations = (
				9162BE4D1C64A51500B5B005 /* Debug */,
				9162BE4E1C64A51500B5B005 /* Release */,
			);
			defaultConfigurationIsVisible = 0;
			defaultConfigurationName = Release;
		};
		9162BE4F1C64A51500B5B005 /* Build configuration list for PBXNativeTarget "Recipes" */ = {
			isa = XCConfigurationList;
			buildConfigurations = (
				9162BE501C64A51500B5B005 /* Debug */,
				9162BE511C64A51500B5B005 /* Release */,
			);
			defaultConfigurationIsVisible = 0;
			defaultConfigurationName = Release;
		};
		9162BE521C64A51500B5B005 /* Build configuration list for PBXNativeTarget "RecipesTests" */ = {
			isa = XCConfigurationList;
			buildConfigurations = (
				9162BE531C64A51500B5B005 /* Debug */,
				9162BE541C64A51500B5B005 /* Release */,
			);
			defaultConfigurationIsVisible = 0;
			defaultConfigurationName = Release;
		};
		9162BE551C64A51500B5B005 /* Build configuration list for PBXNativeTarget "RecipesUITests" */ = {
			isa = XCConfigurationList;
			buildConfigurations = (
				9162BE561C64A51500B5B005 /* Debug */,
				9162BE571C64A51500B5B005 /* Release */,
			);
			defaultConfigurationIsVisible = 0;
			defaultConfigurationName = Release;
		};
/* End XCConfigurationList section */

/* Begin XCVersionGroup section */
		9162BE2E1C64A51500B5B005 /* Recipes.xcdatamodeld */ = {
			isa = XCVersionGroup;
			children = (
				9162BE2F1C64A51500B5B005 /* Recipes.xcdatamodel */,
			);
			currentVersion = 9162BE2F1C64A51500B5B005 /* Recipes.xcdatamodel */;
			path = Recipes.xcdatamodeld;
			sourceTree = "<group>";
			versionGroupType = wrapper.xcdatamodel;
		};
/* End XCVersionGroup section */
	};
	rootObject = 9162BE1C1C64A51500B5B005 /* Project object */;
}
